// !$*UTF8*$!
{
	archiveVersion = 1;
	classes = {
	};
	objectVersion = 77;
	objects = {

/* Begin PBXBuildFile section */
		B1B2C3D4E5F6010203040506 /* ClipboardItem.swift in Sources */ = {isa = PBXBuildFile; fileRef = A1B2C3D4E5F6010203040506 /* ClipboardItem.swift */; };
		B1B2C3D4E5F6010203040507 /* ClipboardStore.swift in Sources */ = {isa = PBXBuildFile; fileRef = A1B2C3D4E5F6010203040507 /* ClipboardStore.swift */; };
		B1B2C3D4E5F6010203040508 /* ClipboardObserver.swift in Sources */ = {isa = PBXBuildFile; fileRef = A1B2C3D4E5F6010203040508 /* ClipboardObserver.swift */; };
		B1B2C3D4E5F6010203040509 /* ClipboardHistoryViewModel.swift in Sources */ = {isa = PBXBuildFile; fileRef = A1B2C3D4E5F6010203040509 /* ClipboardHistoryViewModel.swift */; };
		B1B2C3D4E5F601020304050A /* ClipboardHistoryPanel.swift in Sources */ = {isa = PBXBuildFile; fileRef = A1B2C3D4E5F601020304050A /* ClipboardHistoryPanel.swift */; };
		B1B2C3D4E5F601020304050B /* ClipboardHistoryPanelController.swift in Sources */ = {isa = PBXBuildFile; fileRef = A1B2C3D4E5F601020304050B /* ClipboardHistoryPanelController.swift */; };
		B1B2C3D4E5F601020304050C /* ClipboardHistoryView.swift in Sources */ = {isa = PBXBuildFile; fileRef = A1B2C3D4E5F601020304050C /* ClipboardHistoryView.swift */; };
		B1B2C3D4E5F601020304050D /* ClipboardItemRowView.swift in Sources */ = {isa = PBXBuildFile; fileRef = A1B2C3D4E5F601020304050D /* ClipboardItemRowView.swift */; };
		0BE738DCC442D41002456044 /* OfflineLLMClient.swift in Sources */ = {isa = PBXBuildFile; fileRef = 506F54642912F445479D3F7C /* OfflineLLMClient.swift */; };
		1029DB080383895A09D20A04 /* Assets.xcassets in Resources */ = {isa = PBXBuildFile; fileRef = 8B265BFC1D9E2942C4B41157 /* Assets.xcassets */; };
		25F70221A7BF9CB7E37CA200 /* ASRClient.swift in Sources */ = {isa = PBXBuildFile; fileRef = 93E07980A21D00AAD3F21087 /* ASRClient.swift */; };
		32A4B8912775BB1F3B9FAC5A /* FastASRClient.swift in Sources */ = {isa = PBXBuildFile; fileRef = DEE797DC9A2513ED177F2A7F /* FastASRClient.swift */; };
		35CD0385DFDA5CD0C27F5726 /* Mode.swift in Sources */ = {isa = PBXBuildFile; fileRef = B62C325AF728EBDCC2BA0469 /* Mode.swift */; };
		40B69BAFD8B91196A1798211 /* OverlayPanel.swift in Sources */ = {isa = PBXBuildFile; fileRef = BEBDACDD528EC35DC2585341 /* OverlayPanel.swift */; };
		449C8247C3B5F49700A3656F /* FnSessionController.swift in Sources */ = {isa = PBXBuildFile; fileRef = 3161165938F653DCDE60F238 /* FnSessionController.swift */; };
		550E4A86CFB9951329CE797E /* HotKeyService.swift in Sources */ = {isa = PBXBuildFile; fileRef = 362C14BC8CA14CC117DBD29F /* HotKeyService.swift */; };
		6EBDE0309E407C3316C8A630 /* OverlayView.swift in Sources */ = {isa = PBXBuildFile; fileRef = 59C913B040730154033BE623 /* OverlayView.swift */; };
		87710849CEB3A66E70F84654 /* PreviewPanel.swift in Sources */ = {isa = PBXBuildFile; fileRef = 701FF705CAC488E48D63B007 /* PreviewPanel.swift */; };
		96A3FF332A86E0E5DCFC6A4B /* PipelineController.swift in Sources */ = {isa = PBXBuildFile; fileRef = 0DEB9D511A0072BA0F762A78 /* PipelineController.swift */; };
		AAAA3171A2FA636E95630EE0 /* PreviewModel.swift in Sources */ = {isa = PBXBuildFile; fileRef = 6B427B467924F82C18261CFB /* PreviewModel.swift */; };
		BA4E2F22B05DD2EC0DBBA13F /* AppMain.swift in Sources */ = {isa = PBXBuildFile; fileRef = B970B93884207D30F57EA30E /* AppMain.swift */; };
		BE9AEBBC28458CABDE915BF0 /* CodexClient.swift in Sources */ = {isa = PBXBuildFile; fileRef = 42533B4B80598A0615B7C95E /* CodexClient.swift */; };
		C0F4FBA191EAD5787597F63F /* Permissions.swift in Sources */ = {isa = PBXBuildFile; fileRef = AEBC051C45D226CE70A63109 /* Permissions.swift */; };
		C41F4B9AA5E044CF2A275BC0 /* TextStabilizer.swift in Sources */ = {isa = PBXBuildFile; fileRef = 2D57F00751A65B115B24C5D4 /* TextStabilizer.swift */; };
		D3440F588CEFA153F4AA21E8 /* AudioCaptureService.swift in Sources */ = {isa = PBXBuildFile; fileRef = 86E92C442DB27102F499F7E6 /* AudioCaptureService.swift */; };
		D475445982227CA439F70464 /* FocusInjector.swift in Sources */ = {isa = PBXBuildFile; fileRef = CF20785C9D7F331F84EEAD2B /* FocusInjector.swift */; };
		E5401A720E00D4FAF227A942 /* LLMRouter.swift in Sources */ = {isa = PBXBuildFile; fileRef = 22A6147F3235591061E702C5 /* LLMRouter.swift */; };
		EC878AA977FA623C4EF188FD /* FnKeyMonitor.swift in Sources */ = {isa = PBXBuildFile; fileRef = E80E9B37C69260A267888469 /* FnKeyMonitor.swift */; };
		EDCCF18CBC11CFEFB03F4A68 /* InputInjector.swift in Sources */ = {isa = PBXBuildFile; fileRef = 7FD7D2691611C2FA3E837BAA /* InputInjector.swift */; };
		EDE998B031BBA4A469370198 /* LLMClient.swift in Sources */ = {isa = PBXBuildFile; fileRef = 4AB0D2B51C2CAD31E36E2ABC /* LLMClient.swift */; };
		F1261E36233BF186D5A8FC9A /* PreviewView.swift in Sources */ = {isa = PBXBuildFile; fileRef = 94431E21EE9DD50FB959EB16 /* PreviewView.swift */; };
/* End PBXBuildFile section */

/* Begin PBXFileReference section */
		A1B2C3D4E5F6010203040506 /* ClipboardItem.swift */ = {isa = PBXFileReference; lastKnownFileType = sourcecode.swift; path = ClipboardItem.swift; sourceTree = "<group>"; };
		A1B2C3D4E5F6010203040507 /* ClipboardStore.swift */ = {isa = PBXFileReference; lastKnownFileType = sourcecode.swift; path = ClipboardStore.swift; sourceTree = "<group>"; };
		A1B2C3D4E5F6010203040508 /* ClipboardObserver.swift */ = {isa = PBXFileReference; lastKnownFileType = sourcecode.swift; path = ClipboardObserver.swift; sourceTree = "<group>"; };
		A1B2C3D4E5F6010203040509 /* ClipboardHistoryViewModel.swift */ = {isa = PBXFileReference; lastKnownFileType = sourcecode.swift; path = ClipboardHistoryViewModel.swift; sourceTree = "<group>"; };
		A1B2C3D4E5F601020304050A /* ClipboardHistoryPanel.swift */ = {isa = PBXFileReference; lastKnownFileType = sourcecode.swift; path = ClipboardHistoryPanel.swift; sourceTree = "<group>"; };
		A1B2C3D4E5F601020304050B /* ClipboardHistoryPanelController.swift */ = {isa = PBXFileReference; lastKnownFileType = sourcecode.swift; path = ClipboardHistoryPanelController.swift; sourceTree = "<group>"; };
		A1B2C3D4E5F601020304050C /* ClipboardHistoryView.swift */ = {isa = PBXFileReference; lastKnownFileType = sourcecode.swift; path = ClipboardHistoryView.swift; sourceTree = "<group>"; };
		A1B2C3D4E5F601020304050D /* ClipboardItemRowView.swift */ = {isa = PBXFileReference; lastKnownFileType = sourcecode.swift; path = ClipboardItemRowView.swift; sourceTree = "<group>"; };
		0DEB9D511A0072BA0F762A78 /* PipelineController.swift */ = {isa = PBXFileReference; lastKnownFileType = sourcecode.swift; path = PipelineController.swift; sourceTree = "<group>"; };
		22A6147F3235591061E702C5 /* LLMRouter.swift */ = {isa = PBXFileReference; lastKnownFileType = sourcecode.swift; path = LLMRouter.swift; sourceTree = "<group>"; };
		28E224505818686A6DED2E24 /* VoiceOps.app */ = {isa = PBXFileReference; explicitFileType = wrapper.application; includeInIndex = 0; path = VoiceOps.app; sourceTree = BUILT_PRODUCTS_DIR; };
		2D57F00751A65B115B24C5D4 /* TextStabilizer.swift */ = {isa = PBXFileReference; lastKnownFileType = sourcecode.swift; path = TextStabilizer.swift; sourceTree = "<group>"; };
		3161165938F653DCDE60F238 /* FnSessionController.swift */ = {isa = PBXFileReference; lastKnownFileType = sourcecode.swift; path = FnSessionController.swift; sourceTree = "<group>"; };
		362C14BC8CA14CC117DBD29F /* HotKeyService.swift */ = {isa = PBXFileReference; lastKnownFileType = sourcecode.swift; path = HotKeyService.swift; sourceTree = "<group>"; };
		42533B4B80598A0615B7C95E /* CodexClient.swift */ = {isa = PBXFileReference; lastKnownFileType = sourcecode.swift; path = CodexClient.swift; sourceTree = "<group>"; };
		4AB0D2B51C2CAD31E36E2ABC /* LLMClient.swift */ = {isa = PBXFileReference; lastKnownFileType = sourcecode.swift; path = LLMClient.swift; sourceTree = "<group>"; };
		506F54642912F445479D3F7C /* OfflineLLMClient.swift */ = {isa = PBXFileReference; lastKnownFileType = sourcecode.swift; path = OfflineLLMClient.swift; sourceTree = "<group>"; };
		59C913B040730154033BE623 /* OverlayView.swift */ = {isa = PBXFileReference; lastKnownFileType = sourcecode.swift; path = OverlayView.swift; sourceTree = "<group>"; };
		6B427B467924F82C18261CFB /* PreviewModel.swift */ = {isa = PBXFileReference; lastKnownFileType = sourcecode.swift; path = PreviewModel.swift; sourceTree = "<group>"; };
		701FF705CAC488E48D63B007 /* PreviewPanel.swift */ = {isa = PBXFileReference; lastKnownFileType = sourcecode.swift; path = PreviewPanel.swift; sourceTree = "<group>"; };
		7FD7D2691611C2FA3E837BAA /* InputInjector.swift */ = {isa = PBXFileReference; lastKnownFileType = sourcecode.swift; path = InputInjector.swift; sourceTree = "<group>"; };
		86E92C442DB27102F499F7E6 /* AudioCaptureService.swift */ = {isa = PBXFileReference; lastKnownFileType = sourcecode.swift; path = AudioCaptureService.swift; sourceTree = "<group>"; };
		8B265BFC1D9E2942C4B41157 /* Assets.xcassets */ = {isa = PBXFileReference; lastKnownFileType = folder.assetcatalog; path = Assets.xcassets; sourceTree = "<group>"; };
		93E07980A21D00AAD3F21087 /* ASRClient.swift */ = {isa = PBXFileReference; lastKnownFileType = sourcecode.swift; path = ASRClient.swift; sourceTree = "<group>"; };
		94431E21EE9DD50FB959EB16 /* PreviewView.swift */ = {isa = PBXFileReference; lastKnownFileType = sourcecode.swift; path = PreviewView.swift; sourceTree = "<group>"; };
		95471A0FBE9BA112F119067F /* Info.plist */ = {isa = PBXFileReference; lastKnownFileType = text.plist; path = Info.plist; sourceTree = "<group>"; };
		AEBC051C45D226CE70A63109 /* Permissions.swift */ = {isa = PBXFileReference; lastKnownFileType = sourcecode.swift; path = Permissions.swift; sourceTree = "<group>"; };
		B62C325AF728EBDCC2BA0469 /* Mode.swift */ = {isa = PBXFileReference; lastKnownFileType = sourcecode.swift; path = Mode.swift; sourceTree = "<group>"; };
		B970B93884207D30F57EA30E /* AppMain.swift */ = {isa = PBXFileReference; lastKnownFileType = sourcecode.swift; path = AppMain.swift; sourceTree = "<group>"; };
		BEBDACDD528EC35DC2585341 /* OverlayPanel.swift */ = {isa = PBXFileReference; lastKnownFileType = sourcecode.swift; path = OverlayPanel.swift; sourceTree = "<group>"; };
		CF20785C9D7F331F84EEAD2B /* FocusInjector.swift */ = {isa = PBXFileReference; lastKnownFileType = sourcecode.swift; path = FocusInjector.swift; sourceTree = "<group>"; };
		DEE797DC9A2513ED177F2A7F /* FastASRClient.swift */ = {isa = PBXFileReference; lastKnownFileType = sourcecode.swift; path = FastASRClient.swift; sourceTree = "<group>"; };
		E80E9B37C69260A267888469 /* FnKeyMonitor.swift */ = {isa = PBXFileReference; lastKnownFileType = sourcecode.swift; path = FnKeyMonitor.swift; sourceTree = "<group>"; };
/* End PBXFileReference section */

/* Begin PBXGroup section */
		24C913E323C83618A6919A02 /* Pipeline */ = {
			isa = PBXGroup;
			children = (
				0DEB9D511A0072BA0F762A78 /* PipelineController.swift */,
			);
			path = Pipeline;
			sourceTree = "<group>";
		};
		C1B2C3D4E5F6010203040506 /* Clipboard */ = {
			isa = PBXGroup;
			children = (
				A1B2C3D4E5F6010203040506 /* ClipboardItem.swift */,
				A1B2C3D4E5F6010203040507 /* ClipboardStore.swift */,
				A1B2C3D4E5F6010203040508 /* ClipboardObserver.swift */,
				A1B2C3D4E5F6010203040509 /* ClipboardHistoryViewModel.swift */,
				A1B2C3D4E5F601020304050A /* ClipboardHistoryPanel.swift */,
				A1B2C3D4E5F601020304050B /* ClipboardHistoryPanelController.swift */,
				A1B2C3D4E5F601020304050C /* ClipboardHistoryView.swift */,
				A1B2C3D4E5F601020304050D /* ClipboardItemRowView.swift */,
			);
			path = Clipboard;
			sourceTree = "<group>";
		};
		390DC23974EF5C6E088180AE /* Services */ = {
			isa = PBXGroup;
			children = (
				93E07980A21D00AAD3F21087 /* ASRClient.swift */,
				86E92C442DB27102F499F7E6 /* AudioCaptureService.swift */,
				42533B4B80598A0615B7C95E /* CodexClient.swift */,
				DEE797DC9A2513ED177F2A7F /* FastASRClient.swift */,
				E80E9B37C69260A267888469 /* FnKeyMonitor.swift */,
				3161165938F653DCDE60F238 /* FnSessionController.swift */,
				CF20785C9D7F331F84EEAD2B /* FocusInjector.swift */,
				362C14BC8CA14CC117DBD29F /* HotKeyService.swift */,
				7FD7D2691611C2FA3E837BAA /* InputInjector.swift */,
				4AB0D2B51C2CAD31E36E2ABC /* LLMClient.swift */,
				22A6147F3235591061E702C5 /* LLMRouter.swift */,
				506F54642912F445479D3F7C /* OfflineLLMClient.swift */,
				AEBC051C45D226CE70A63109 /* Permissions.swift */,
				2D57F00751A65B115B24C5D4 /* TextStabilizer.swift */,
			);
			path = Services;
			sourceTree = "<group>";
		};
		5A1A9BD96E05A350C74242A3 = {
			isa = PBXGroup;
			children = (
				697837329334FEE89260229F /* VoiceOps */,
				F7A3F9039055922248A1D262 /* Products */,
			);
			sourceTree = "<group>";
		};
		697837329334FEE89260229F /* VoiceOps */ = {
			isa = PBXGroup;
			children = (
				B970B93884207D30F57EA30E /* AppMain.swift */,
				8B265BFC1D9E2942C4B41157 /* Assets.xcassets */,
				C1B2C3D4E5F6010203040506 /* Clipboard */,
				95471A0FBE9BA112F119067F /* Info.plist */,
				B4D9711AFF7F8DB6192BC475 /* Models */,
				E0F07392C398A67BA5D1E7E9 /* Overlay */,
				24C913E323C83618A6919A02 /* Pipeline */,
				390DC23974EF5C6E088180AE /* Services */,
			);
			path = VoiceOps;
			sourceTree = "<group>";
		};
		B4D9711AFF7F8DB6192BC475 /* Models */ = {
			isa = PBXGroup;
			children = (
				B62C325AF728EBDCC2BA0469 /* Mode.swift */,
			);
			path = Models;
			sourceTree = "<group>";
		};
		E0F07392C398A67BA5D1E7E9 /* Overlay */ = {
			isa = PBXGroup;
			children = (
				BEBDACDD528EC35DC2585341 /* OverlayPanel.swift */,
				59C913B040730154033BE623 /* OverlayView.swift */,
				6B427B467924F82C18261CFB /* PreviewModel.swift */,
				701FF705CAC488E48D63B007 /* PreviewPanel.swift */,
				94431E21EE9DD50FB959EB16 /* PreviewView.swift */,
			);
			path = Overlay;
			sourceTree = "<group>";
		};
		F7A3F9039055922248A1D262 /* Products */ = {
			isa = PBXGroup;
			children = (
				28E224505818686A6DED2E24 /* VoiceOps.app */,
			);
			name = Products;
			sourceTree = "<group>";
		};
/* End PBXGroup section */

/* Begin PBXNativeTarget section */
		7A9E48824B569580007A051A /* VoiceOps */ = {
			isa = PBXNativeTarget;
			buildConfigurationList = 3DDE7AE033A52C795B335619 /* Build configuration list for PBXNativeTarget "VoiceOps" */;
			buildPhases = (
				065B363751178E9DC7F9B4AA /* Sources */,
				41DA8DCF9C66BA15637BED57 /* Resources */,
			);
			buildRules = (
			);
			dependencies = (
			);
			name = VoiceOps;
			packageProductDependencies = (
			);
			productName = VoiceOps;
			productReference = 28E224505818686A6DED2E24 /* VoiceOps.app */;
			productType = "com.apple.product-type.application";
		};
/* End PBXNativeTarget section */

/* Begin PBXProject section */
		34997EA4ACF95076EF0FD439 /* Project object */ = {
			isa = PBXProject;
			attributes = {
				BuildIndependentTargetsInParallel = YES;
				LastUpgradeCheck = 1430;
			};
			buildConfigurationList = DA899388EE0C235A4E8B8369 /* Build configuration list for PBXProject "VoiceOps" */;
			compatibilityVersion = "Xcode 14.0";
			developmentRegion = en;
			hasScannedForEncodings = 0;
			knownRegions = (
				Base,
				en,
			);
			mainGroup = 5A1A9BD96E05A350C74242A3;
			minimizedProjectReferenceProxies = 1;
			preferredProjectObjectVersion = 77;
			projectDirPath = "";
			projectRoot = "";
			targets = (
				7A9E48824B569580007A051A /* VoiceOps */,
			);
		};
/* End PBXProject section */

/* Begin PBXResourcesBuildPhase section */
		41DA8DCF9C66BA15637BED57 /* Resources */ = {
			isa = PBXResourcesBuildPhase;
			buildActionMask = 2147483647;
			files = (
				1029DB080383895A09D20A04 /* Assets.xcassets in Resources */,
			);
			runOnlyForDeploymentPostprocessing = 0;
		};
/* End PBXResourcesBuildPhase section */

/* Begin PBXSourcesBuildPhase section */
		065B363751178E9DC7F9B4AA /* Sources */ = {
			isa = PBXSourcesBuildPhase;
			buildActionMask = 2147483647;
			files = (
				25F70221A7BF9CB7E37CA200 /* ASRClient.swift in Sources */,
				BA4E2F22B05DD2EC0DBBA13F /* AppMain.swift in Sources */,
				D3440F588CEFA153F4AA21E8 /* AudioCaptureService.swift in Sources */,
				B1B2C3D4E5F601020304050A /* ClipboardHistoryPanel.swift in Sources */,
				B1B2C3D4E5F601020304050B /* ClipboardHistoryPanelController.swift in Sources */,
				B1B2C3D4E5F601020304050C /* ClipboardHistoryView.swift in Sources */,
				B1B2C3D4E5F6010203040509 /* ClipboardHistoryViewModel.swift in Sources */,
				B1B2C3D4E5F601020304050D /* ClipboardItemRowView.swift in Sources */,
				B1B2C3D4E5F6010203040506 /* ClipboardItem.swift in Sources */,
				B1B2C3D4E5F6010203040508 /* ClipboardObserver.swift in Sources */,
				B1B2C3D4E5F6010203040507 /* ClipboardStore.swift in Sources */,
				BE9AEBBC28458CABDE915BF0 /* CodexClient.swift in Sources */,
				32A4B8912775BB1F3B9FAC5A /* FastASRClient.swift in Sources */,
				EC878AA977FA623C4EF188FD /* FnKeyMonitor.swift in Sources */,
				449C8247C3B5F49700A3656F /* FnSessionController.swift in Sources */,
				D475445982227CA439F70464 /* FocusInjector.swift in Sources */,
				550E4A86CFB9951329CE797E /* HotKeyService.swift in Sources */,
				EDCCF18CBC11CFEFB03F4A68 /* InputInjector.swift in Sources */,
				EDE998B031BBA4A469370198 /* LLMClient.swift in Sources */,
				E5401A720E00D4FAF227A942 /* LLMRouter.swift in Sources */,
				35CD0385DFDA5CD0C27F5726 /* Mode.swift in Sources */,
				0BE738DCC442D41002456044 /* OfflineLLMClient.swift in Sources */,
				40B69BAFD8B91196A1798211 /* OverlayPanel.swift in Sources */,
				6EBDE0309E407C3316C8A630 /* OverlayView.swift in Sources */,
				C0F4FBA191EAD5787597F63F /* Permissions.swift in Sources */,
				96A3FF332A86E0E5DCFC6A4B /* PipelineController.swift in Sources */,
				AAAA3171A2FA636E95630EE0 /* PreviewModel.swift in Sources */,
				87710849CEB3A66E70F84654 /* PreviewPanel.swift in Sources */,
				F1261E36233BF186D5A8FC9A /* PreviewView.swift in Sources */,
				C41F4B9AA5E044CF2A275BC0 /* TextStabilizer.swift in Sources */,
			);
			runOnlyForDeploymentPostprocessing = 0;
		};
/* End PBXSourcesBuildPhase section */

/* Begin XCBuildConfiguration section */
		1D03C6EEA2E7BAD502609301 /* Debug */ = {
			isa = XCBuildConfiguration;
			buildSettings = {
				ALWAYS_SEARCH_USER_PATHS = NO;
				CLANG_ANALYZER_NONNULL = YES;
				CLANG_ANALYZER_NUMBER_OBJECT_CONVERSION = YES_AGGRESSIVE;
				CLANG_CXX_LANGUAGE_STANDARD = "gnu++14";
				CLANG_CXX_LIBRARY = "libc++";
				CLANG_ENABLE_MODULES = YES;
				CLANG_ENABLE_OBJC_ARC = YES;
				CLANG_ENABLE_OBJC_WEAK = YES;
				CLANG_WARN_BLOCK_CAPTURE_AUTORELEASING = YES;
				CLANG_WARN_BOOL_CONVERSION = YES;
				CLANG_WARN_COMMA = YES;
				CLANG_WARN_CONSTANT_CONVERSION = YES;
				CLANG_WARN_DEPRECATED_OBJC_IMPLEMENTATIONS = YES;
				CLANG_WARN_DIRECT_OBJC_ISA_USAGE = YES_ERROR;
				CLANG_WARN_DOCUMENTATION_COMMENTS = YES;
				CLANG_WARN_EMPTY_BODY = YES;
				CLANG_WARN_ENUM_CONVERSION = YES;
				CLANG_WARN_INFINITE_RECURSION = YES;
				CLANG_WARN_INT_CONVERSION = YES;
				CLANG_WARN_NON_LITERAL_NULL_CONVERSION = YES;
				CLANG_WARN_OBJC_IMPLICIT_RETAIN_SELF = YES;
				CLANG_WARN_OBJC_LITERAL_CONVERSION = YES;
				CLANG_WARN_OBJC_ROOT_CLASS = YES_ERROR;
				CLANG_WARN_QUOTED_INCLUDE_IN_FRAMEWORK_HEADER = YES;
				CLANG_WARN_RANGE_LOOP_ANALYSIS = YES;
				CLANG_WARN_STRICT_PROTOTYPES = YES;
				CLANG_WARN_SUSPICIOUS_MOVE = YES;
				CLANG_WARN_UNGUARDED_AVAILABILITY = YES_AGGRESSIVE;
				CLANG_WARN_UNREACHABLE_CODE = YES;
				CLANG_WARN__DUPLICATE_METHOD_MATCH = YES;
				COPY_PHASE_STRIP = NO;
				CURRENT_PROJECT_VERSION = 1;
				DEBUG_INFORMATION_FORMAT = dwarf;
				ENABLE_STRICT_OBJC_MSGSEND = YES;
				ENABLE_TESTABILITY = YES;
				GCC_C_LANGUAGE_STANDARD = gnu11;
				GCC_DYNAMIC_NO_PIC = NO;
				GCC_NO_COMMON_BLOCKS = YES;
				GCC_OPTIMIZATION_LEVEL = 0;
				GCC_PREPROCESSOR_DEFINITIONS = (
					"$(inherited)",
					"DEBUG=1",
				);
				GCC_WARN_64_TO_32_BIT_CONVERSION = YES;
				GCC_WARN_ABOUT_RETURN_TYPE = YES_ERROR;
				GCC_WARN_UNDECLARED_SELECTOR = YES;
				GCC_WARN_UNINITIALIZED_AUTOS = YES_AGGRESSIVE;
				GCC_WARN_UNUSED_FUNCTION = YES;
				GCC_WARN_UNUSED_VARIABLE = YES;
				MARKETING_VERSION = 0.1.0;
				MTL_ENABLE_DEBUG_INFO = INCLUDE_SOURCE;
				MTL_FAST_MATH = YES;
				ONLY_ACTIVE_ARCH = YES;
				PRODUCT_NAME = "$(TARGET_NAME)";
				SDKROOT = macosx;
				SWIFT_ACTIVE_COMPILATION_CONDITIONS = DEBUG;
				SWIFT_OPTIMIZATION_LEVEL = "-Onone";
				SWIFT_VERSION = 5.0;
			};
			name = Debug;
		};
		726ABA2F5F2D9FD74C21EFF7 /* Debug */ = {
			isa = XCBuildConfiguration;
			buildSettings = {
				ASSETCATALOG_COMPILER_APPICON_NAME = AppIcon;
				COMBINE_HIDPI_IMAGES = YES;
				CONFIGURATION_BUILD_DIR = "$(PROJECT_DIR)/Build/$(CONFIGURATION)";
				INFOPLIST_FILE = VoiceOps/Info.plist;
				LD_RUNPATH_SEARCH_PATHS = (
					"$(inherited)",
					"@executable_path/../Frameworks",
				);
				MACOSX_DEPLOYMENT_TARGET = 13.0;
				PRODUCT_BUNDLE_IDENTIFIER = com.voiceops.VoiceOps;
				SDKROOT = macosx;
			};
			name = Debug;
		};
		89F9EE63EFB35C83ED6B74A7 /* Release */ = {
			isa = XCBuildConfiguration;
			buildSettings = {
				ALWAYS_SEARCH_USER_PATHS = NO;
				CLANG_ANALYZER_NONNULL = YES;
				CLANG_ANALYZER_NUMBER_OBJECT_CONVERSION = YES_AGGRESSIVE;
				CLANG_CXX_LANGUAGE_STANDARD = "gnu++14";
				CLANG_CXX_LIBRARY = "libc++";
				CLANG_ENABLE_MODULES = YES;
				CLANG_ENABLE_OBJC_ARC = YES;
				CLANG_ENABLE_OBJC_WEAK = YES;
				CLANG_WARN_BLOCK_CAPTURE_AUTORELEASING = YES;
				CLANG_WARN_BOOL_CONVERSION = YES;
				CLANG_WARN_COMMA = YES;
				CLANG_WARN_CONSTANT_CONVERSION = YES;
				CLANG_WARN_DEPRECATED_OBJC_IMPLEMENTATIONS = YES;
				CLANG_WARN_DIRECT_OBJC_ISA_USAGE = YES_ERROR;
				CLANG_WARN_DOCUMENTATION_COMMENTS = YES;
				CLANG_WARN_EMPTY_BODY = YES;
				CLANG_WARN_ENUM_CONVERSION = YES;
				CLANG_WARN_INFINITE_RECURSION = YES;
				CLANG_WARN_INT_CONVERSION = YES;
				CLANG_WARN_NON_LITERAL_NULL_CONVERSION = YES;
				CLANG_WARN_OBJC_IMPLICIT_RETAIN_SELF = YES;
				CLANG_WARN_OBJC_LITERAL_CONVERSION = YES;
				CLANG_WARN_OBJC_ROOT_CLASS = YES_ERROR;
				CLANG_WARN_QUOTED_INCLUDE_IN_FRAMEWORK_HEADER = YES;
				CLANG_WARN_RANGE_LOOP_ANALYSIS = YES;
				CLANG_WARN_STRICT_PROTOTYPES = YES;
				CLANG_WARN_SUSPICIOUS_MOVE = YES;
				CLANG_WARN_UNGUARDED_AVAILABILITY = YES_AGGRESSIVE;
				CLANG_WARN_UNREACHABLE_CODE = YES;
				CLANG_WARN__DUPLICATE_METHOD_MATCH = YES;
				COPY_PHASE_STRIP = NO;
				CURRENT_PROJECT_VERSION = 1;
				DEBUG_INFORMATION_FORMAT = "dwarf-with-dsym";
				ENABLE_NS_ASSERTIONS = NO;
				ENABLE_STRICT_OBJC_MSGSEND = YES;
				GCC_C_LANGUAGE_STANDARD = gnu11;
				GCC_NO_COMMON_BLOCKS = YES;
				GCC_WARN_64_TO_32_BIT_CONVERSION = YES;
				GCC_WARN_ABOUT_RETURN_TYPE = YES_ERROR;
				GCC_WARN_UNDECLARED_SELECTOR = YES;
				GCC_WARN_UNINITIALIZED_AUTOS = YES_AGGRESSIVE;
				GCC_WARN_UNUSED_FUNCTION = YES;
				GCC_WARN_UNUSED_VARIABLE = YES;
				MARKETING_VERSION = 0.1.0;
				MTL_ENABLE_DEBUG_INFO = NO;
				MTL_FAST_MATH = YES;
				PRODUCT_NAME = "$(TARGET_NAME)";
				SDKROOT = macosx;
				SWIFT_COMPILATION_MODE = wholemodule;
				SWIFT_OPTIMIZATION_LEVEL = "-O";
				SWIFT_VERSION = 5.0;
			};
			name = Release;
		};
		FD6C41A939C5616A94255CDC /* Release */ = {
			isa = XCBuildConfiguration;
			buildSettings = {
				ASSETCATALOG_COMPILER_APPICON_NAME = AppIcon;
				COMBINE_HIDPI_IMAGES = YES;
				CONFIGURATION_BUILD_DIR = "$(PROJECT_DIR)/Build/$(CONFIGURATION)";
				INFOPLIST_FILE = VoiceOps/Info.plist;
				LD_RUNPATH_SEARCH_PATHS = (
					"$(inherited)",
					"@executable_path/../Frameworks",
				);
				MACOSX_DEPLOYMENT_TARGET = 13.0;
				PRODUCT_BUNDLE_IDENTIFIER = com.voiceops.VoiceOps;
				SDKROOT = macosx;
			};
			name = Release;
		};
/* End XCBuildConfiguration section */

/* Begin XCConfigurationList section */
		3DDE7AE033A52C795B335619 /* Build configuration list for PBXNativeTarget "VoiceOps" */ = {
			isa = XCConfigurationList;
			buildConfigurations = (
				726ABA2F5F2D9FD74C21EFF7 /* Debug */,
				FD6C41A939C5616A94255CDC /* Release */,
			);
			defaultConfigurationIsVisible = 0;
			defaultConfigurationName = Debug;
		};
		DA899388EE0C235A4E8B8369 /* Build configuration list for PBXProject "VoiceOps" */ = {
			isa = XCConfigurationList;
			buildConfigurations = (
				1D03C6EEA2E7BAD502609301 /* Debug */,
				89F9EE63EFB35C83ED6B74A7 /* Release */,
			);
			defaultConfigurationIsVisible = 0;
			defaultConfigurationName = Debug;
		};
/* End XCConfigurationList section */
	};
	rootObject = 34997EA4ACF95076EF0FD439 /* Project object */;
}
